// !$*UTF8*$!
{
	archiveVersion = 1;
	classes = {
	};
	objectVersion = 77;
	objects = {

/* Begin PBXContainerItemProxy section */
		0E1A00000000000000000101 /* PBXContainerItemProxy */ = {
			isa = PBXContainerItemProxy;
			containerPortal = 0E1A00000000000000000F01 /* Project object */;
			proxyType = 1;
			remoteGlobalIDString = 0E1A00000000000000000E01;
			remoteInfo = OneMoreLine;
		};
/* End PBXContainerItemProxy section */

/* Begin PBXFileReference section */
		0E1A00000000000000000A01 /* OneMoreLine.app */ = {isa = PBXFileReference; explicitFileType = wrapper.application; includeInIndex = 0; path = OneMoreLine.app; sourceTree = BUILT_PRODUCTS_DIR; };
		0E1A00000000000000000A02 /* OneMoreLineTests.xctest */ = {isa = PBXFileReference; explicitFileType = wrapper.cfbundle; includeInIndex = 0; path = OneMoreLineTests.xctest; sourceTree = BUILT_PRODUCTS_DIR; };
		0E1A00000000000000000A03 /* OneMoreLine-Info.plist */ = {isa = PBXFileReference; lastKnownFileType = text.plist.xml; path = "OneMoreLine-Info.plist"; sourceTree = "<group>"; };
/* End PBXFileReference section */

/* Begin PBXFileSystemSynchronizedRootGroup section */
		0E1A00000000000000000B01 /* OneMoreLine */ = {
			isa = PBXFileSystemSynchronizedRootGroup;
			path = OneMoreLine;
			sourceTree = "<group>";
		};
		0E1A00000000000000000B02 /* OneMoreLineTests */ = {
			isa = PBXFileSystemSynchronizedRootGroup;
			path = OneMoreLineTests;
			sourceTree = "<group>";
		};
/* End PBXFileSystemSynchronizedRootGroup section */

/* Begin PBXFrameworksBuildPhase section */
		0E1A00000000000000000C01 /* Frameworks */ = {
			isa = PBXFrameworksBuildPhase;
			buildActionMask = 2147483647;
			files = (
			);
			runOnlyForDeploymentPostprocessing = 0;
		};
		0E1A00000000000000000C02 /* Frameworks */ = {
			isa = PBXFrameworksBuildPhase;
			buildActionMask = 2147483647;
			files = (
			);
			runOnlyForDeploymentPostprocessing = 0;
		};
/* End PBXFrameworksBuildPhase section */

/* Begin PBXGroup section */
		0E1A00000000000000000D01 = {
			isa = PBXGroup;
			children = (
				0E1A00000000000000000B01 /* OneMoreLine */,
				0E1A00000000000000000B02 /* OneMoreLineTests */,
				0E1A00000000000000000A03 /* OneMoreLine-Info.plist */,
				0E1A00000000000000000D02 /* Products */,
			);
			sourceTree = "<group>";
		};
		0E1A00000000000000000D02 /* Products */ = {
			isa = PBXGroup;
			children = (
				0E1A00000000000000000A01 /* OneMoreLine.app */,
				0E1A00000000000000000A02 /* OneMoreLineTests.xctest */,
			);
			name = Products;
			sourceTree = "<group>";
		};
/* End PBXGroup section */

/* Begin PBXNativeTarget section */
		0E1A00000000000000000E01 /* OneMoreLine */ = {
			isa = PBXNativeTarget;
			buildConfigurationList = 0E1A00000000000000000202 /* Build configuration list for PBXNativeTarget "OneMoreLine" */;
			buildPhases = (
				0E1A00000000000000000C03 /* Sources */,
				0E1A00000000000000000C01 /* Frameworks */,
				0E1A00000000000000000C05 /* Resources */,
			);
			buildRules = (
			);
			dependencies = (
			);
			fileSystemSynchronizedGroups = (
				0E1A00000000000000000B01 /* OneMoreLine */,
			);
			name = OneMoreLine;
			packageProductDependencies = (
			);
			productName = OneMoreLine;
			productReference = 0E1A00000000000000000A01 /* OneMoreLine.app */;
			productType = "com.apple.product-type.application";
		};
		0E1A00000000000000000E02 /* OneMoreLineTests */ = {
			isa = PBXNativeTarget;
			buildConfigurationList = 0E1A00000000000000000203 /* Build configuration list for PBXNativeTarget "OneMoreLineTests" */;
			buildPhases = (
				0E1A00000000000000000C04 /* Sources */,
				0E1A00000000000000000C02 /* Frameworks */,
				0E1A00000000000000000C06 /* Resources */,
			);
			buildRules = (
			);
			dependencies = (
				0E1A00000000000000000102 /* PBXTargetDependency */,
			);
			fileSystemSynchronizedGroups = (
				0E1A00000000000000000B02 /* OneMoreLineTests */,
			);
			name = OneMoreLineTests;
			packageProductDependencies = (
			);
			productName = OneMoreLineTests;
			productReference = 0E1A00000000000000000A02 /* OneMoreLineTests.xctest */;
			productType = "com.apple.product-type.bundle.unit-test";
		};
/* End PBXNativeTarget section */

/* Begin PBXProject section */
		0E1A00000000000000000F01 /* Project object */ = {
			isa = PBXProject;
			attributes = {
				BuildIndependentTargetsInParallel = 1;
				LastSwiftUpdateCheck = 2700;
				LastUpgradeCheck = 2700;
				TargetAttributes = {
					0E1A00000000000000000E01 = {
						CreatedOnToolsVersion = 27.0;
					};
					0E1A00000000000000000E02 = {
						CreatedOnToolsVersion = 27.0;
						TestTargetID = 0E1A00000000000000000E01;
					};
				};
			};
			buildConfigurationList = 0E1A00000000000000000201 /* Build configuration list for PBXProject "OneMoreLine" */;
			developmentRegion = en;
			hasScannedForEncodings = 0;
			knownRegions = (
				en,
				Base,
			);
			mainGroup = 0E1A00000000000000000D01;
			minimizedProjectReferenceProxies = 1;
			preferredProjectObjectVersion = 77;
			productRefGroup = 0E1A00000000000000000D02 /* Products */;
			projectDirPath = "";
			projectRoot = "";
			targets = (
				0E1A00000000000000000E01 /* OneMoreLine */,
				0E1A00000000000000000E02 /* OneMoreLineTests */,
			);
		};
/* End PBXProject section */

/* Begin PBXResourcesBuildPhase section */
		0E1A00000000000000000C05 /* Resources */ = {
			isa = PBXResourcesBuildPhase;
			buildActionMask = 2147483647;
			files = (
			);
			runOnlyForDeploymentPostprocessing = 0;
		};
		0E1A00000000000000000C06 /* Resources */ = {
			isa = PBXResourcesBuildPhase;
			buildActionMask = 2147483647;
			files = (
			);
			runOnlyForDeploymentPostprocessing = 0;
		};
/* End PBXResourcesBuildPhase section */

/* Begin PBXSourcesBuildPhase section */
		0E1A00000000000000000C03 /* Sources */ = {
			isa = PBXSourcesBuildPhase;
			buildActionMask = 2147483647;
			files = (
			);
			runOnlyForDeploymentPostprocessing = 0;
		};
		0E1A00000000000000000C04 /* Sources */ = {
			isa = PBXSourcesBuildPhase;
			buildActionMask = 2147483647;
			files = (
			);
			runOnlyForDeploymentPostprocessing = 0;
		};
/* End PBXSourcesBuildPhase section */

/* Begin PBXTargetDependency section */
		0E1A00000000000000000102 /* PBXTargetDependency */ = {
			isa = PBXTargetDependency;
			target = 0E1A00000000000000000E01 /* OneMoreLine */;
			targetProxy = 0E1A00000000000000000101 /* PBXContainerItemProxy */;
		};
/* End PBXTargetDependency section */

/* Begin XCBuildConfiguration section */
		0E1A00000000000000000301 /* Debug */ = {
			isa = XCBuildConfiguration;
			buildSettings = {
				ALWAYS_SEARCH_USER_PATHS = NO;
				ASSETCATALOG_COMPILER_GENERATE_SWIFT_ASSET_SYMBOL_EXTENSIONS = YES;
				CLANG_ANALYZER_NONNULL = YES;
				CLANG_CXX_LANGUAGE_STANDARD = "gnu++20";
				CLANG_ENABLE_MODULES = YES;
				CLANG_ENABLE_OBJC_ARC = YES;
				COPY_PHASE_STRIP = NO;
				DEBUG_INFORMATION_FORMAT = dwarf;
				ENABLE_STRICT_OBJC_MSGSEND = YES;
				ENABLE_TESTABILITY = YES;
				ENABLE_USER_SCRIPT_SANDBOXING = YES;
				GCC_C_LANGUAGE_STANDARD = gnu17;
				GCC_DYNAMIC_NO_PIC = NO;
				GCC_NO_COMMON_BLOCKS = YES;
				GCC_OPTIMIZATION_LEVEL = 0;
				GCC_PREPROCESSOR_DEFINITIONS = (
					"DEBUG=1",
					"$(inherited)",
				);
				IPHONEOS_DEPLOYMENT_TARGET = 17.0;
				LOCALIZATION_PREFERS_STRING_CATALOGS = YES;
				MTL_ENABLE_DEBUG_INFO = INCLUDE_SOURCE;
				MTL_FAST_MATH = YES;
				ONLY_ACTIVE_ARCH = YES;
				SDKROOT = iphoneos;
				SWIFT_ACTIVE_COMPILATION_CONDITIONS = "DEBUG $(inherited)";
				SWIFT_OPTIMIZATION_LEVEL = "-Onone";
			};
			name = Debug;
		};
		0E1A00000000000000000302 /* Release */ = {
			isa = XCBuildConfiguration;
			buildSettings = {
				ALWAYS_SEARCH_USER_PATHS = NO;
				ASSETCATALOG_COMPILER_GENERATE_SWIFT_ASSET_SYMBOL_EXTENSIONS = YES;
				CLANG_ANALYZER_NONNULL = YES;
				CLANG_CXX_LANGUAGE_STANDARD = "gnu++20";
				CLANG_ENABLE_MODULES = YES;
				CLANG_ENABLE_OBJC_ARC = YES;
				COPY_PHASE_STRIP = NO;
				DEBUG_INFORMATION_FORMAT = "dwarf-with-dsym";
				ENABLE_NS_ASSERTIONS = NO;
				ENABLE_STRICT_OBJC_MSGSEND = YES;
				ENABLE_USER_SCRIPT_SANDBOXING = YES;
				GCC_C_LANGUAGE_STANDARD = gnu17;
				GCC_NO_COMMON_BLOCKS = YES;
				IPHONEOS_DEPLOYMENT_TARGET = 17.0;
				LOCALIZATION_PREFERS_STRING_CATALOGS = YES;
				MTL_ENABLE_DEBUG_INFO = NO;
				MTL_FAST_MATH = YES;
				SDKROOT = iphoneos;
				SWIFT_COMPILATION_MODE = wholemodule;
				VALIDATE_PRODUCT = YES;
			};
			name = Release;
		};
		0E1A00000000000000000303 /* Debug */ = {
			isa = XCBuildConfiguration;
			buildSettings = {
				ASSETCATALOG_COMPILER_APPICON_NAME = AppIcon;
				ASSETCATALOG_COMPILER_GLOBAL_ACCENT_COLOR_NAME = AccentColor;
				CODE_SIGN_STYLE = Automatic;
				CURRENT_PROJECT_VERSION = 1;
				DEVELOPMENT_TEAM = 3BGFWC629H;
				ENABLE_PREVIEWS = YES;
				GENERATE_INFOPLIST_FILE = YES;
				INFOPLIST_FILE = "OneMoreLine-Info.plist";
				INFOPLIST_KEY_CFBundleDisplayName = "One More Line";
				INFOPLIST_KEY_LSApplicationCategoryType = "public.app-category.arcade-games";
				INFOPLIST_KEY_UIApplicationSceneManifest_Generation = YES;
				INFOPLIST_KEY_UIApplicationSupportsIndirectInputEvents = YES;
				INFOPLIST_KEY_UIRequiresFullScreen = YES;
				INFOPLIST_KEY_UIStatusBarHidden = YES;
				INFOPLIST_KEY_UISupportedInterfaceOrientations_iPhone = UIInterfaceOrientationPortrait;
				INFOPLIST_KEY_UIUserInterfaceStyle = Dark;
				LD_RUNPATH_SEARCH_PATHS = (
					"$(inherited)",
					"@executable_path/Frameworks",
				);
				MARKETING_VERSION = 1.0;
				PRODUCT_BUNDLE_IDENTIFIER = com.jakeschaeffer.onemoreline;
				PRODUCT_NAME = "$(TARGET_NAME)";
				SWIFT_EMIT_LOC_STRINGS = YES;
				SWIFT_VERSION = 5.0;
				TARGETED_DEVICE_FAMILY = 1;
			};
			name = Debug;
		};
		0E1A00000000000000000304 /* Release */ = {
			isa = XCBuildConfiguration;
			buildSettings = {
				ASSETCATALOG_COMPILER_APPICON_NAME = AppIcon;
				ASSETCATALOG_COMPILER_GLOBAL_ACCENT_COLOR_NAME = AccentColor;
				CODE_SIGN_STYLE = Automatic;
				CURRENT_PROJECT_VERSION = 1;
				DEVELOPMENT_TEAM = 3BGFWC629H;
				ENABLE_PREVIEWS = YES;
				GENERATE_INFOPLIST_FILE = YES;
				INFOPLIST_FILE = "OneMoreLine-Info.plist";
				INFOPLIST_KEY_CFBundleDisplayName = "One More Line";
				INFOPLIST_KEY_LSApplicationCategoryType = "public.app-category.arcade-games";
				INFOPLIST_KEY_UIApplicationSceneManifest_Generation = YES;
				INFOPLIST_KEY_UIApplicationSupportsIndirectInputEvents = YES;
				INFOPLIST_KEY_UIRequiresFullScreen = YES;
				INFOPLIST_KEY_UIStatusBarHidden = YES;
				INFOPLIST_KEY_UISupportedInterfaceOrientations_iPhone = UIInterfaceOrientationPortrait;
				INFOPLIST_KEY_UIUserInterfaceStyle = Dark;
				LD_RUNPATH_SEARCH_PATHS = (
					"$(inherited)",
					"@executable_path/Frameworks",
				);
				MARKETING_VERSION = 1.0;
				PRODUCT_BUNDLE_IDENTIFIER = com.jakeschaeffer.onemoreline;
				PRODUCT_NAME = "$(TARGET_NAME)";
				SWIFT_EMIT_LOC_STRINGS = YES;
				SWIFT_VERSION = 5.0;
				TARGETED_DEVICE_FAMILY = 1;
			};
			name = Release;
		};
		0E1A00000000000000000305 /* Debug */ = {
			isa = XCBuildConfiguration;
			buildSettings = {
				BUNDLE_LOADER = "$(TEST_HOST)";
				CODE_SIGN_STYLE = Automatic;
				CURRENT_PROJECT_VERSION = 1;
				DEVELOPMENT_TEAM = 3BGFWC629H;
				GENERATE_INFOPLIST_FILE = YES;
				MARKETING_VERSION = 1.0;
				PRODUCT_BUNDLE_IDENTIFIER = com.jakeschaeffer.onemoreline.tests;
				PRODUCT_NAME = "$(TARGET_NAME)";
				SWIFT_EMIT_LOC_STRINGS = NO;
				SWIFT_VERSION = 5.0;
				TARGETED_DEVICE_FAMILY = 1;
				TEST_HOST = "$(BUILT_PRODUCTS_DIR)/OneMoreLine.app/$(BUNDLE_EXECUTABLE_FOLDER_PATH)/OneMoreLine";
			};
			name = Debug;
		};
		0E1A00000000000000000306 /* Release */ = {
			isa = XCBuildConfiguration;
			buildSettings = {
				BUNDLE_LOADER = "$(TEST_HOST)";
				CODE_SIGN_STYLE = Automatic;
				CURRENT_PROJECT_VERSION = 1;
				DEVELOPMENT_TEAM = 3BGFWC629H;
				GENERATE_INFOPLIST_FILE = YES;
				MARKETING_VERSION = 1.0;
				PRODUCT_BUNDLE_IDENTIFIER = com.jakeschaeffer.onemoreline.tests;
				PRODUCT_NAME = "$(TARGET_NAME)";
				SWIFT_EMIT_LOC_STRINGS = NO;
				SWIFT_VERSION = 5.0;
				TARGETED_DEVICE_FAMILY = 1;
				TEST_HOST = "$(BUILT_PRODUCTS_DIR)/OneMoreLine.app/$(BUNDLE_EXECUTABLE_FOLDER_PATH)/OneMoreLine";
			};
			name = Release;
		};
/* End XCBuildConfiguration section */

/* Begin XCConfigurationList section */
		0E1A00000000000000000201 /* Build configuration list for PBXProject "OneMoreLine" */ = {
			isa = XCConfigurationList;
			buildConfigurations = (
				0E1A00000000000000000301 /* Debug */,
				0E1A00000000000000000302 /* Release */,
			);
			defaultConfigurationIsVisible = 0;
			defaultConfigurationName = Release;
		};
		0E1A00000000000000000202 /* Build configuration list for PBXNativeTarget "OneMoreLine" */ = {
			isa = XCConfigurationList;
			buildConfigurations = (
				0E1A00000000000000000303 /* Debug */,
				0E1A00000000000000000304 /* Release */,
			);
			defaultConfigurationIsVisible = 0;
			defaultConfigurationName = Release;
		};
		0E1A00000000000000000203 /* Build configuration list for PBXNativeTarget "OneMoreLineTests" */ = {
			isa = XCConfigurationList;
			buildConfigurations = (
				0E1A00000000000000000305 /* Debug */,
				0E1A00000000000000000306 /* Release */,
			);
			defaultConfigurationIsVisible = 0;
			defaultConfigurationName = Release;
		};
/* End XCConfigurationList section */
	};
	rootObject = 0E1A00000000000000000F01 /* Project object */;
}
